# This file is generated by running "yarn install" inside your project.
# Manual changes might be lost - proceed with caution!

__metadata:
  version: 8
  cacheKey: 10c0

"@emnapi/core@npm:^1.5.0":
  version: 1.7.1
  resolution: "@emnapi/core@npm:1.7.1"
  dependencies:
    "@emnapi/wasi-threads": "npm:1.1.0"
    tslib: "npm:^2.4.0"
  checksum: 10c0/f3740be23440b439333e3ae3832163f60c96c4e35337f3220ceba88f36ee89a57a871d27c94eb7a9ff98a09911ed9a2089e477ab549f4d30029f8b907f84a351
  languageName: node
  linkType: hard

"@emnapi/runtime@npm:^1.5.0":
  version: 1.7.1
  resolution: "@emnapi/runtime@npm:1.7.1"
  dependencies:
    tslib: "npm:^2.4.0"
  checksum: 10c0/26b851cd3e93877d8732a985a2ebf5152325bbacc6204ef5336a47359dedcc23faeb08cdfcb8bb389b5401b3e894b882bc1a1e55b4b7c1ed1e67c991a760ddd5
  languageName: node
  linkType: hard

"@emnapi/wasi-threads@npm:1.1.0":
  version: 1.1.0
  resolution: "@emnapi/wasi-threads@npm:1.1.0"
  dependencies:
    tslib: "npm:^2.4.0"
  checksum: 10c0/e6d54bf2b1e64cdd83d2916411e44e579b6ae35d5def0dea61a3c452d9921373044dff32a8b8473ae60c80692bdc39323e98b96a3f3d87ba6886b24dd0ef7ca1
  languageName: node
  linkType: hard

"@napi-rs/wasm-runtime@npm:^1.0.7":
  version: 1.0.7
  resolution: "@napi-rs/wasm-runtime@npm:1.0.7"
  dependencies:
    "@emnapi/core": "npm:^1.5.0"
    "@emnapi/runtime": "npm:^1.5.0"
    "@tybys/wasm-util": "npm:^0.10.1"
  checksum: 10c0/2d8635498136abb49d6dbf7395b78c63422292240963bf055f307b77aeafbde57ae2c0ceaaef215601531b36d6eb92a2cdd6f5ba90ed2aa8127c27aff9c4ae55
  languageName: node
  linkType: hard

"@oxc-project/types@npm:=0.96.0":
  version: 0.96.0
  resolution: "@oxc-project/types@npm:0.96.0"
  checksum: 10c0/8d2770c551e0cb2efc77fb7d0711a2e19080dd9cd1e221ff95b3fae6d29c7f38165b1443eafc712956a215d607a4c8d4c1aad6bf26cb7069a391b27290aa6e8e
  languageName: node
  linkType: hard

"@rolldown/binding-android-arm64@npm:1.0.0-beta.49":
  version: 1.0.0-beta.49
  resolution: "@rolldown/binding-android-arm64@npm:1.0.0-beta.49"
  conditions: os=android & cpu=arm64
  languageName: node
  linkType: hard

"@rolldown/binding-darwin-arm64@npm:1.0.0-beta.49":
  version: 1.0.0-beta.49
  resolution: "@rolldown/binding-darwin-arm64@npm:1.0.0-beta.49"
  conditions: os=darwin & cpu=arm64
  languageName: node
  linkType: hard

"@rolldown/binding-darwin-x64@npm:1.0.0-beta.49":
  version: 1.0.0-beta.49
  resolution: "@rolldown/binding-darwin-x64@npm:1.0.0-beta.49"
  conditions: os=darwin & cpu=x64
  languageName: node
  linkType: hard

"@rolldown/binding-freebsd-x64@npm:1.0.0-beta.49":
  version: 1.0.0-beta.49
  resolution: "@rolldown/binding-freebsd-x64@npm:1.0.0-beta.49"
  conditions: os=freebsd & cpu=x64
  languageName: node
  linkType: hard

"@rolldown/binding-linux-arm-gnueabihf@npm:1.0.0-beta.49":
  version: 1.0.0-beta.49
  resolution: "@rolldown/binding-linux-arm-gnueabihf@npm:1.0.0-beta.49"
  conditions: os=linux & cpu=arm
  languageName: node
  linkType: hard

"@rolldown/binding-linux-arm64-gnu@npm:1.0.0-beta.49":
  version: 1.0.0-beta.49
  resolution: "@rolldown/binding-linux-arm64-gnu@npm:1.0.0-beta.49"
  conditions: os=linux & cpu=arm64 & libc=glibc
  languageName: node
  linkType: hard

"@rolldown/binding-linux-arm64-musl@npm:1.0.0-beta.49":
  version: 1.0.0-beta.49
  resolution: "@rolldown/binding-linux-arm64-musl@npm:1.0.0-beta.49"
  conditions: os=linux & cpu=arm64 & libc=musl
  languageName: node
  linkType: hard

"@rolldown/binding-linux-x64-gnu@npm:1.0.0-beta.49":
  version: 1.0.0-beta.49
  resolution: "@rolldown/binding-linux-x64-gnu@npm:1.0.0-beta.49"
  conditions: os=linux & cpu=x64 & libc=glibc
  languageName: node
  linkType: hard

"@rolldown/binding-linux-x64-musl@npm:1.0.0-beta.49":
  version: 1.0.0-beta.49
  resolution: "@rolldown/binding-linux-x64-musl@npm:1.0.0-beta.49"
  conditions: os=linux & cpu=x64 & libc=musl
  languageName: node
  linkType: hard

"@rolldown/binding-openharmony-arm64@npm:1.0.0-beta.49":
  version: 1.0.0-beta.49
  resolution: "@rolldown/binding-openharmony-arm64@npm:1.0.0-beta.49"
  conditions: os=openharmony & cpu=arm64
  languageName: node
  linkType: hard

"@rolldown/binding-wasm32-wasi@npm:1.0.0-beta.49":
  version: 1.0.0-beta.49
  resolution: "@rolldown/binding-wasm32-wasi@npm:1.0.0-beta.49"
  dependencies:
    "@napi-rs/wasm-runtime": "npm:^1.0.7"
  conditions: cpu=wasm32
  languageName: node
  linkType: hard

"@rolldown/binding-win32-arm64-msvc@npm:1.0.0-beta.49":
  version: 1.0.0-beta.49
  resolution: "@rolldown/binding-win32-arm64-msvc@npm:1.0.0-beta.49"
  conditions: os=win32 & cpu=arm64
  languageName: node
  linkType: hard

"@rolldown/binding-win32-ia32-msvc@npm:1.0.0-beta.49":
  version: 1.0.0-beta.49
  resolution: "@rolldown/binding-win32-ia32-msvc@npm:1.0.0-beta.49"
  conditions: os=win32 & cpu=ia32
  languageName: node
  linkType: hard

"@rolldown/binding-win32-x64-msvc@npm:1.0.0-beta.49":
  version: 1.0.0-beta.49
  resolution: "@rolldown/binding-win32-x64-msvc@npm:1.0.0-beta.49"
  conditions: os=win32 & cpu=x64
  languageName: node
  linkType: hard

"@rolldown/pluginutils@npm:1.0.0-beta.49":
  version: 1.0.0-beta.49
  resolution: "@rolldown/pluginutils@npm:1.0.0-beta.49"
  checksum: 10c0/ffd2066b67fa983bffdc75cf5f9fd398a229531d1c8892d7cebab230bae213d640119c4653906993a19758c988ecfd33412cfa0e619b4bcbe62b6d540a2c1e2c
  languageName: node
  linkType: hard

"@tybys/wasm-util@npm:^0.10.1":
  version: 0.10.1
  resolution: "@tybys/wasm-util@npm:0.10.1"
  dependencies:
    tslib: "npm:^2.4.0"
  checksum: 10c0/b255094f293794c6d2289300c5fbcafbb5532a3aed3a5ffd2f8dc1828e639b88d75f6a376dd8f94347a44813fd7a7149d8463477a9a49525c8b2dcaa38c2d1e8
  languageName: node
  linkType: hard

"@webview-bundle/config@file:../../../package.tgz::locator=yarn-pnp-ts-cjs%40workspace%3A.":
  version: 0.0.0
  resolution: "@webview-bundle/config@file:../../../package.tgz#../../../package.tgz::hash=e9573c&locator=yarn-pnp-ts-cjs%40workspace%3A."
  dependencies:
    rolldown: "npm:1.0.0-beta.49"
  checksum: 10c0/ebcdc552d083abb13e49527a675e0e26de374d460b3394b7003784af50819225ba56a8f3794bd5ebcfb637ce4694da1280919574260ed75c86c71862adc9f9cd
  languageName: node
  linkType: hard

"rolldown@npm:1.0.0-beta.49":
  version: 1.0.0-beta.49
  resolution: "rolldown@npm:1.0.0-beta.49"
  dependencies:
    "@oxc-project/types": "npm:=0.96.0"
    "@rolldown/binding-android-arm64": "npm:1.0.0-beta.49"
    "@rolldown/binding-darwin-arm64": "npm:1.0.0-beta.49"
    "@rolldown/binding-darwin-x64": "npm:1.0.0-beta.49"
    "@rolldown/binding-freebsd-x64": "npm:1.0.0-beta.49"
    "@rolldown/binding-linux-arm-gnueabihf": "npm:1.0.0-beta.49"
    "@rolldown/binding-linux-arm64-gnu": "npm:1.0.0-beta.49"
    "@rolldown/binding-linux-arm64-musl": "npm:1.0.0-beta.49"
    "@rolldown/binding-linux-x64-gnu": "npm:1.0.0-beta.49"
    "@rolldown/binding-linux-x64-musl": "npm:1.0.0-beta.49"
    "@rolldown/binding-openharmony-arm64": "npm:1.0.0-beta.49"
    "@rolldown/binding-wasm32-wasi": "npm:1.0.0-beta.49"
    "@rolldown/binding-win32-arm64-msvc": "npm:1.0.0-beta.49"
    "@rolldown/binding-win32-ia32-msvc": "npm:1.0.0-beta.49"
    "@rolldown/binding-win32-x64-msvc": "npm:1.0.0-beta.49"
    "@rolldown/pluginutils": "npm:1.0.0-beta.49"
  dependenciesMeta:
    "@rolldown/binding-android-arm64":
      optional: true
    "@rolldown/binding-darwin-arm64":
      optional: true
    "@rolldown/binding-darwin-x64":
      optional: true
    "@rolldown/binding-freebsd-x64":
      optional: true
    "@rolldown/binding-linux-arm-gnueabihf":
      optional: true
    "@rolldown/binding-linux-arm64-gnu":
      optional: true
    "@rolldown/binding-linux-arm64-musl":
      optional: true
    "@rolldown/binding-linux-x64-gnu":
      optional: true
    "@rolldown/binding-linux-x64-musl":
      optional: true
    "@rolldown/binding-openharmony-arm64":
      optional: true
    "@rolldown/binding-wasm32-wasi":
      optional: true
    "@rolldown/binding-win32-arm64-msvc":
      optional: true
    "@rolldown/binding-win32-ia32-msvc":
      optional: true
    "@rolldown/binding-win32-x64-msvc":
      optional: true
  bin:
    rolldown: bin/cli.mjs
  checksum: 10c0/bc5e6a856acb6566daafebb99ee26abcf240476c3d252c487cb543fddada6ae3789f254dcbb5b1d020e716c6a040c9c20acd4b58c55ad7084c40ab8ff69e84cf
  languageName: node
  linkType: hard

"tslib@npm:^2.4.0":
  version: 2.8.1
  resolution: "tslib@npm:2.8.1"
  checksum: 10c0/9c4759110a19c53f992d9aae23aac5ced636e99887b51b9e61def52611732872ff7668757d4e4c61f19691e36f4da981cd9485e869b4a7408d689f6bf1f14e62
  languageName: node
  linkType: hard

"typescript@npm:5.9.2":
  version: 5.9.2
  resolution: "typescript@npm:5.9.2"
  bin:
    tsc: bin/tsc
    tsserver: bin/tsserver
  checksum: 10c0/cd635d50f02d6cf98ed42de2f76289701c1ec587a363369255f01ed15aaf22be0813226bff3c53e99d971f9b540e0b3cc7583dbe05faded49b1b0bed2f638a18
  languageName: node
  linkType: hard

"typescript@patch:typescript@npm%3A5.9.2#optional!builtin<compat/typescript>":
  version: 5.9.2
  resolution: "typescript@patch:typescript@npm%3A5.9.2#optional!builtin<compat/typescript>::version=5.9.2&hash=5786d5"
  bin:
    tsc: bin/tsc
    tsserver: bin/tsserver
  checksum: 10c0/34d2a8e23eb8e0d1875072064d5e1d9c102e0bdce56a10a25c0b917b8aa9001a9cf5c225df12497e99da107dc379360bc138163c66b55b95f5b105b50578067e
  languageName: node
  linkType: hard

"yarn-pnp-ts-cjs@workspace:.":
  version: 0.0.0-use.local
  resolution: "yarn-pnp-ts-cjs@workspace:."
  dependencies:
    "@webview-bundle/config": "file:../../../package.tgz"
    typescript: "npm:5.9.2"
  languageName: unknown
  linkType: soft
